
Microsoft Visual Studio Solution File, Format Version 12.00
# Visual Studio Version 16
VisualStudioVersion = 16.0.31727.386
MinimumVisualStudioVersion = 10.0.40219.1
Project("{9A19103F-16F7-4668-BE54-9A1E7A4F7556}") = "DXNET", "DXNET\DXNET.csproj", "{E20C95B2-EFE3-442C-842D-9A8D64348C53}"
EndProject
Project("{2150E333-8FDC-42A3-9474-1A3956D46DE8}") = "Modules", "Modules", "{38EE067C-35AE-49E8-96AE-C2BE056CDF5F}"
EndProject
Project("{9A19103F-16F7-4668-BE54-9A1E7A4F7556}") = "DXNET.Tests", "DXNET.Tests\DXNET.Tests.csproj", "{BE7520CD-4333-4618-B80B-E6CA70BFB2FB}"
EndProject
Project("{9A19103F-16F7-4668-BE54-9A1E7A4F7556}") = "DXNET.Mathematics", "Modules\DXNET.Mathematics\DXNET.Mathematics.csproj", "{6D3914AC-1390-4F9B-86D4-A3EF3630429D}"
EndProject
Project("{9A19103F-16F7-4668-BE54-9A1E7A4F7556}") = "DXNET.D3DCompiler", "Modules\DXNET.D3DCompiler\DXNET.D3DCompiler.csproj", "{5EFA657A-C20C-4E8C-B3F5-07C8B9537089}"
EndProject
Project("{9A19103F-16F7-4668-BE54-9A1E7A4F7556}") = "DXNET.DXGI", "Modules\DXNET.DXGI\DXNET.DXGI.csproj", "{9A59D849-5CBF-4BC1-8D36-F0ED405BB0CC}"
EndProject
Project("{9A19103F-16F7-4668-BE54-9A1E7A4F7556}") = "DXNET.Animation", "Modules\DXNET.Animation\DXNET.Animation.csproj", "{BA331FC7-310E-4F06-A41D-C1798485FFA1}"
EndProject
Project("{9A19103F-16F7-4668-BE54-9A1E7A4F7556}") = "DXNET.Desktop", "Modules\DXNET.Desktop\DXNET.Desktop.csproj", "{C0D0A857-6E7E-4FA5-B62F-3F4052838A8A}"
EndProject
Project("{9A19103F-16F7-4668-BE54-9A1E7A4F7556}") = "DXNET.RawInput", "Modules\DXNET.RawInput\DXNET.RawInput.csproj", "{FC1FEF8B-7A4E-4915-939F-14A731858710}"
EndProject
Project("{9A19103F-16F7-4668-BE54-9A1E7A4F7556}") = "DXNET.XAudio2", "Modules\DXNET.XAudio2\DXNET.XAudio2.csproj", "{E31ACA83-CE25-4AF6-A141-2535E0A13933}"
EndProject
Project("{9A19103F-16F7-4668-BE54-9A1E7A4F7556}") = "DXNET.XInput", "Modules\DXNET.XInput\DXNET.XInput.csproj", "{0F9325A3-2554-4491-89E8-56271AA73720}"
EndProject
Project("{9A19103F-16F7-4668-BE54-9A1E7A4F7556}") = "DXNET.MediaFoundation", "Modules\DXNET.MediaFoundation\DXNET.MediaFoundation.csproj", "{6021043F-B253-43EE-B592-D0C867AFEF65}"
EndProject
Project("{9A19103F-16F7-4668-BE54-9A1E7A4F7556}") = "DXNET.DirectSound", "Modules\DXNET.DirectSound\DXNET.DirectSound.csproj", "{093873D9-A0D7-4E93-BC66-30172A5A94DB}"
EndProject
Project("{9A19103F-16F7-4668-BE54-9A1E7A4F7556}") = "DXNET.DirectManipulation", "Modules\DXNET.DirectManipulation\DXNET.DirectManipulation.csproj", "{4DC86BEC-CCC7-485C-92CF-C7B478F3D0BF}"
EndProject
Project("{9A19103F-16F7-4668-BE54-9A1E7A4F7556}") = "DXNET.DirectInput", "Modules\DXNET.DirectInput\DXNET.DirectInput.csproj", "{2EBAF3FB-B10B-431F-966B-D43DFE9CA38C}"
EndProject
Project("{9A19103F-16F7-4668-BE54-9A1E7A4F7556}") = "DXNET.DirectComposition", "Modules\DXNET.DirectComposition\DXNET.DirectComposition.csproj", "{32B1F5C3-AC0E-4C84-AE09-B2DBDA51E539}"
EndProject
Project("{9A19103F-16F7-4668-BE54-9A1E7A4F7556}") = "DXNET.Direct2D1", "Modules\DXNET.Direct2D1\DXNET.Direct2D1.csproj", "{46094639-349B-4E7A-8CBB-E10557B7A07D}"
EndProject
Project("{9A19103F-16F7-4668-BE54-9A1E7A4F7556}") = "DXNET.Direct3D9", "Modules\DXNET.Direct3D9\DXNET.Direct3D9.csproj", "{68B82378-A794-49D6-90F6-CC7B9DEE15BF}"
EndProject
Project("{9A19103F-16F7-4668-BE54-9A1E7A4F7556}") = "DXNET.Direct3D12", "Modules\DXNET.Direct3D12\DXNET.Direct3D12.csproj", "{B7BA6D5C-5533-4BBC-B95E-AC549ECE170F}"
EndProject
Project("{9A19103F-16F7-4668-BE54-9A1E7A4F7556}") = "DXNET.Direct3D11", "Modules\DXNET.Direct3D11\DXNET.Direct3D11.csproj", "{8ADFF8DD-2D6E-4DD9-9B5D-6E83D086E9FA}"
EndProject
Project("{9A19103F-16F7-4668-BE54-9A1E7A4F7556}") = "DXNET.Direct3D10", "Modules\DXNET.Direct3D10\DXNET.Direct3D10.csproj", "{8C5E6E3A-BC88-4AB7-BB35-50257ED3DA81}"
EndProject
Project("{FAE04EC0-301F-11D3-BF4B-00C04F79EFBC}") = "DXNET.Direct3D11.Effects", "Modules\DXNET.Direct3D11.Effects\DXNET.Direct3D11.Effects.csproj", "{E823CA71-D940-4344-8E7F-06DCA70E9843}"
EndProject
Global
	GlobalSection(SolutionConfigurationPlatforms) = preSolution
		Debug|Any CPU = Debug|Any CPU
		Release|Any CPU = Release|Any CPU
	EndGlobalSection
	GlobalSection(ProjectConfigurationPlatforms) = postSolution
		{E20C95B2-EFE3-442C-842D-9A8D64348C53}.Debug|Any CPU.ActiveCfg = Debug|Any CPU
		{E20C95B2-EFE3-442C-842D-9A8D64348C53}.Debug|Any CPU.Build.0 = Debug|Any CPU
		{E20C95B2-EFE3-442C-842D-9A8D64348C53}.Release|Any CPU.ActiveCfg = Release|Any CPU
		{E20C95B2-EFE3-442C-842D-9A8D64348C53}.Release|Any CPU.Build.0 = Release|Any CPU
		{BE7520CD-4333-4618-B80B-E6CA70BFB2FB}.Debug|Any CPU.ActiveCfg = Debug|Any CPU
		{BE7520CD-4333-4618-B80B-E6CA70BFB2FB}.Debug|Any CPU.Build.0 = Debug|Any CPU
		{BE7520CD-4333-4618-B80B-E6CA70BFB2FB}.Release|Any CPU.ActiveCfg = Release|Any CPU
		{BE7520CD-4333-4618-B80B-E6CA70BFB2FB}.Release|Any CPU.Build.0 = Release|Any CPU
		{6D3914AC-1390-4F9B-86D4-A3EF3630429D}.Debug|Any CPU.ActiveCfg = Debug|Any CPU
		{6D3914AC-1390-4F9B-86D4-A3EF3630429D}.Debug|Any CPU.Build.0 = Debug|Any CPU
		{6D3914AC-1390-4F9B-86D4-A3EF3630429D}.Release|Any CPU.ActiveCfg = Release|Any CPU
		{6D3914AC-1390-4F9B-86D4-A3EF3630429D}.Release|Any CPU.Build.0 = Release|Any CPU
		{5EFA657A-C20C-4E8C-B3F5-07C8B9537089}.Debug|Any CPU.ActiveCfg = Debug|Any CPU
		{5EFA657A-C20C-4E8C-B3F5-07C8B9537089}.Debug|Any CPU.Build.0 = Debug|Any CPU
		{5EFA657A-C20C-4E8C-B3F5-07C8B9537089}.Release|Any CPU.ActiveCfg = Release|Any CPU
		{5EFA657A-C20C-4E8C-B3F5-07C8B9537089}.Release|Any CPU.Build.0 = Release|Any CPU
		{9A59D849-5CBF-4BC1-8D36-F0ED405BB0CC}.Debug|Any CPU.ActiveCfg = Debug|Any CPU
		{9A59D849-5CBF-4BC1-8D36-F0ED405BB0CC}.Debug|Any CPU.Build.0 = Debug|Any CPU
		{9A59D849-5CBF-4BC1-8D36-F0ED405BB0CC}.Release|Any CPU.ActiveCfg = Release|Any CPU
		{9A59D849-5CBF-4BC1-8D36-F0ED405BB0CC}.Release|Any CPU.Build.0 = Release|Any CPU
		{BA331FC7-310E-4F06-A41D-C1798485FFA1}.Debug|Any CPU.ActiveCfg = Debug|Any CPU
		{BA331FC7-310E-4F06-A41D-C1798485FFA1}.Debug|Any CPU.Build.0 = Debug|Any CPU
		{BA331FC7-310E-4F06-A41D-C1798485FFA1}.Release|Any CPU.ActiveCfg = Release|Any CPU
		{BA331FC7-310E-4F06-A41D-C1798485FFA1}.Release|Any CPU.Build.0 = Release|Any CPU
		{C0D0A857-6E7E-4FA5-B62F-3F4052838A8A}.Debug|Any CPU.ActiveCfg = Debug|Any CPU
		{C0D0A857-6E7E-4FA5-B62F-3F4052838A8A}.Debug|Any CPU.Build.0 = Debug|Any CPU
		{C0D0A857-6E7E-4FA5-B62F-3F4052838A8A}.Release|Any CPU.ActiveCfg = Release|Any CPU
		{C0D0A857-6E7E-4FA5-B62F-3F4052838A8A}.Release|Any CPU.Build.0 = Release|Any CPU
		{FC1FEF8B-7A4E-4915-939F-14A731858710}.Debug|Any CPU.ActiveCfg = Debug|Any CPU
		{FC1FEF8B-7A4E-4915-939F-14A731858710}.Debug|Any CPU.Build.0 = Debug|Any CPU
		{FC1FEF8B-7A4E-4915-939F-14A731858710}.Release|Any CPU.ActiveCfg = Release|Any CPU
		{FC1FEF8B-7A4E-4915-939F-14A731858710}.Release|Any CPU.Build.0 = Release|Any CPU
		{E31ACA83-CE25-4AF6-A141-2535E0A13933}.Debug|Any CPU.ActiveCfg = Debug|Any CPU
		{E31ACA83-CE25-4AF6-A141-2535E0A13933}.Debug|Any CPU.Build.0 = Debug|Any CPU
		{E31ACA83-CE25-4AF6-A141-2535E0A13933}.Release|Any CPU.ActiveCfg = Release|Any CPU
		{E31ACA83-CE25-4AF6-A141-2535E0A13933}.Release|Any CPU.Build.0 = Release|Any CPU
		{0F9325A3-2554-4491-89E8-56271AA73720}.Debug|Any CPU.ActiveCfg = Debug|Any CPU
		{0F9325A3-2554-4491-89E8-56271AA73720}.Debug|Any CPU.Build.0 = Debug|Any CPU
		{0F9325A3-2554-4491-89E8-56271AA73720}.Release|Any CPU.ActiveCfg = Release|Any CPU
		{0F9325A3-2554-4491-89E8-56271AA73720}.Release|Any CPU.Build.0 = Release|Any CPU
		{6021043F-B253-43EE-B592-D0C867AFEF65}.Debug|Any CPU.ActiveCfg = Debug|Any CPU
		{6021043F-B253-43EE-B592-D0C867AFEF65}.Debug|Any CPU.Build.0 = Debug|Any CPU
		{6021043F-B253-43EE-B592-D0C867AFEF65}.Release|Any CPU.ActiveCfg = Release|Any CPU
		{6021043F-B253-43EE-B592-D0C867AFEF65}.Release|Any CPU.Build.0 = Release|Any CPU
		{093873D9-A0D7-4E93-BC66-30172A5A94DB}.Debug|Any CPU.ActiveCfg = Debug|Any CPU
		{093873D9-A0D7-4E93-BC66-30172A5A94DB}.Debug|Any CPU.Build.0 = Debug|Any CPU
		{093873D9-A0D7-4E93-BC66-30172A5A94DB}.Release|Any CPU.ActiveCfg = Release|Any CPU
		{093873D9-A0D7-4E93-BC66-30172A5A94DB}.Release|Any CPU.Build.0 = Release|Any CPU
		{4DC86BEC-CCC7-485C-92CF-C7B478F3D0BF}.Debug|Any CPU.ActiveCfg = Debug|Any CPU
		{4DC86BEC-CCC7-485C-92CF-C7B478F3D0BF}.Debug|Any CPU.Build.0 = Debug|Any CPU
		{4DC86BEC-CCC7-485C-92CF-C7B478F3D0BF}.Release|Any CPU.ActiveCfg = Release|Any CPU
		{4DC86BEC-CCC7-485C-92CF-C7B478F3D0BF}.Release|Any CPU.Build.0 = Release|Any CPU
		{2EBAF3FB-B10B-431F-966B-D43DFE9CA38C}.Debug|Any CPU.ActiveCfg = Debug|Any CPU
		{2EBAF3FB-B10B-431F-966B-D43DFE9CA38C}.Debug|Any CPU.Build.0 = Debug|Any CPU
		{2EBAF3FB-B10B-431F-966B-D43DFE9CA38C}.Release|Any CPU.ActiveCfg = Release|Any CPU
		{2EBAF3FB-B10B-431F-966B-D43DFE9CA38C}.Release|Any CPU.Build.0 = Release|Any CPU
		{32B1F5C3-AC0E-4C84-AE09-B2DBDA51E539}.Debug|Any CPU.ActiveCfg = Debug|Any CPU
		{32B1F5C3-AC0E-4C84-AE09-B2DBDA51E539}.Debug|Any CPU.Build.0 = Debug|Any CPU
		{32B1F5C3-AC0E-4C84-AE09-B2DBDA51E539}.Release|Any CPU.ActiveCfg = Release|Any CPU
		{32B1F5C3-AC0E-4C84-AE09-B2DBDA51E539}.Release|Any CPU.Build.0 = Release|Any CPU
		{46094639-349B-4E7A-8CBB-E10557B7A07D}.Debug|Any CPU.ActiveCfg = Debug|Any CPU
		{46094639-349B-4E7A-8CBB-E10557B7A07D}.Debug|Any CPU.Build.0 = Debug|Any CPU
		{46094639-349B-4E7A-8CBB-E10557B7A07D}.Release|Any CPU.ActiveCfg = Release|Any CPU
		{46094639-349B-4E7A-8CBB-E10557B7A07D}.Release|Any CPU.Build.0 = Release|Any CPU
		{68B82378-A794-49D6-90F6-CC7B9DEE15BF}.Debug|Any CPU.ActiveCfg = Debug|Any CPU
		{68B82378-A794-49D6-90F6-CC7B9DEE15BF}.Debug|Any CPU.Build.0 = Debug|Any CPU
		{68B82378-A794-49D6-90F6-CC7B9DEE15BF}.Release|Any CPU.ActiveCfg = Release|Any CPU
		{68B82378-A794-49D6-90F6-CC7B9DEE15BF}.Release|Any CPU.Build.0 = Release|Any CPU
		{B7BA6D5C-5533-4BBC-B95E-AC549ECE170F}.Debug|Any CPU.ActiveCfg = Debug|Any CPU
		{B7BA6D5C-5533-4BBC-B95E-AC549ECE170F}.Debug|Any CPU.Build.0 = Debug|Any CPU
		{B7BA6D5C-5533-4BBC-B95E-AC549ECE170F}.Release|Any CPU.ActiveCfg = Release|Any CPU
		{B7BA6D5C-5533-4BBC-B95E-AC549ECE170F}.Release|Any CPU.Build.0 = Release|Any CPU
		{8ADFF8DD-2D6E-4DD9-9B5D-6E83D086E9FA}.Debug|Any CPU.ActiveCfg = Debug|Any CPU
		{8ADFF8DD-2D6E-4DD9-9B5D-6E83D086E9FA}.Debug|Any CPU.Build.0 = Debug|Any CPU
		{8ADFF8DD-2D6E-4DD9-9B5D-6E83D086E9FA}.Release|Any CPU.ActiveCfg = Release|Any CPU
		{8ADFF8DD-2D6E-4DD9-9B5D-6E83D086E9FA}.Release|Any CPU.Build.0 = Release|Any CPU
		{8C5E6E3A-BC88-4AB7-BB35-50257ED3DA81}.Debug|Any CPU.ActiveCfg = Debug|Any CPU
		{8C5E6E3A-BC88-4AB7-BB35-50257ED3DA81}.Debug|Any CPU.Build.0 = Debug|Any CPU
		{8C5E6E3A-BC88-4AB7-BB35-50257ED3DA81}.Release|Any CPU.ActiveCfg = Release|Any CPU
		{8C5E6E3A-BC88-4AB7-BB35-50257ED3DA81}.Release|Any CPU.Build.0 = Release|Any CPU
		{E823CA71-D940-4344-8E7F-06DCA70E9843}.Debug|Any CPU.ActiveCfg = Debug|Any CPU
		{E823CA71-D940-4344-8E7F-06DCA70E9843}.Debug|Any CPU.Build.0 = Debug|Any CPU
		{E823CA71-D940-4344-8E7F-06DCA70E9843}.Release|Any CPU.ActiveCfg = Release|Any CPU
		{E823CA71-D940-4344-8E7F-06DCA70E9843}.Release|Any CPU.Build.0 = Release|Any CPU
	EndGlobalSection
	GlobalSection(SolutionProperties) = preSolution
		HideSolutionNode = FALSE
	EndGlobalSection
	GlobalSection(NestedProjects) = preSolution
		{6D3914AC-1390-4F9B-86D4-A3EF3630429D} = {38EE067C-35AE-49E8-96AE-C2BE056CDF5F}
		{5EFA657A-C20C-4E8C-B3F5-07C8B9537089} = {38EE067C-35AE-49E8-96AE-C2BE056CDF5F}
		{9A59D849-5CBF-4BC1-8D36-F0ED405BB0CC} = {38EE067C-35AE-49E8-96AE-C2BE056CDF5F}
		{BA331FC7-310E-4F06-A41D-C1798485FFA1} = {38EE067C-35AE-49E8-96AE-C2BE056CDF5F}
		{C0D0A857-6E7E-4FA5-B62F-3F4052838A8A} = {38EE067C-35AE-49E8-96AE-C2BE056CDF5F}
		{FC1FEF8B-7A4E-4915-939F-14A731858710} = {38EE067C-35AE-49E8-96AE-C2BE056CDF5F}
		{E31ACA83-CE25-4AF6-A141-2535E0A13933} = {38EE067C-35AE-49E8-96AE-C2BE056CDF5F}
		{0F9325A3-2554-4491-89E8-56271AA73720} = {38EE067C-35AE-49E8-96AE-C2BE056CDF5F}
		{6021043F-B253-43EE-B592-D0C867AFEF65} = {38EE067C-35AE-49E8-96AE-C2BE056CDF5F}
		{093873D9-A0D7-4E93-BC66-30172A5A94DB} = {38EE067C-35AE-49E8-96AE-C2BE056CDF5F}
		{4DC86BEC-CCC7-485C-92CF-C7B478F3D0BF} = {38EE067C-35AE-49E8-96AE-C2BE056CDF5F}
		{2EBAF3FB-B10B-431F-966B-D43DFE9CA38C} = {38EE067C-35AE-49E8-96AE-C2BE056CDF5F}
		{32B1F5C3-AC0E-4C84-AE09-B2DBDA51E539} = {38EE067C-35AE-49E8-96AE-C2BE056CDF5F}
		{46094639-349B-4E7A-8CBB-E10557B7A07D} = {38EE067C-35AE-49E8-96AE-C2BE056CDF5F}
		{68B82378-A794-49D6-90F6-CC7B9DEE15BF} = {38EE067C-35AE-49E8-96AE-C2BE056CDF5F}
		{B7BA6D5C-5533-4BBC-B95E-AC549ECE170F} = {38EE067C-35AE-49E8-96AE-C2BE056CDF5F}
		{8ADFF8DD-2D6E-4DD9-9B5D-6E83D086E9FA} = {38EE067C-35AE-49E8-96AE-C2BE056CDF5F}
		{8C5E6E3A-BC88-4AB7-BB35-50257ED3DA81} = {38EE067C-35AE-49E8-96AE-C2BE056CDF5F}
		{E823CA71-D940-4344-8E7F-06DCA70E9843} = {38EE067C-35AE-49E8-96AE-C2BE056CDF5F}
	EndGlobalSection
	GlobalSection(ExtensibilityGlobals) = postSolution
		SolutionGuid = {0D2A4EF3-C3B6-45BE-A4AC-852D63825AE0}
	EndGlobalSection
EndGlobal
